
Microsoft Visual Studio Solution File, Format Version 12.00
# Visual Studio 2015
Project("{FAE04EC0-301F-11D3-BF4B-00C04F79EFBC}") = "A Escolha.CSharp.Plugins", "A Escolha.CSharp.Plugins.csproj", "{A01E4F99-48A7-E56D-E735-9AC1E54EB22B}"
EndProject
Project("{FAE04EC0-301F-11D3-BF4B-00C04F79EFBC}") = "A Escolha.CSharp", "A Escolha.CSharp.csproj", "{F92FE681-9B31-973D-15E5-25084BA1D6F6}"
EndProject
Project("{FAE04EC0-301F-11D3-BF4B-00C04F79EFBC}") = "A Escolha.CSharp.Editor", "A Escolha.CSharp.Editor.csproj", "{63D7AD40-84F4-4D77-5C0A-169F9DC7867B}"
EndProject
Global
	GlobalSection(SolutionConfigurationPlatforms) = preSolution
		Debug|Any CPU = Debug|Any CPU
		Release|Any CPU = Release|Any CPU
	EndGlobalSection
	GlobalSection(ProjectConfigurationPlatforms) = postSolution
		{A01E4F99-48A7-E56D-E735-9AC1E54EB22B}.Debug|Any CPU.ActiveCfg = Debug|Any CPU
		{A01E4F99-48A7-E56D-E735-9AC1E54EB22B}.Debug|Any CPU.Build.0 = Debug|Any CPU
		{A01E4F99-48A7-E56D-E735-9AC1E54EB22B}.Release|Any CPU.ActiveCfg = Release|Any CPU
		{A01E4F99-48A7-E56D-E735-9AC1E54EB22B}.Release|Any CPU.Build.0 = Release|Any CPU
		{F92FE681-9B31-973D-15E5-25084BA1D6F6}.Debug|Any CPU.ActiveCfg = Debug|Any CPU
		{F92FE681-9B31-973D-15E5-25084BA1D6F6}.Debug|Any CPU.Build.0 = Debug|Any CPU
		{F92FE681-9B31-973D-15E5-25084BA1D6F6}.Release|Any CPU.ActiveCfg = Release|Any CPU
		{F92FE681-9B31-973D-15E5-25084BA1D6F6}.Release|Any CPU.Build.0 = Release|Any CPU
		{63D7AD40-84F4-4D77-5C0A-169F9DC7867B}.Debug|Any CPU.ActiveCfg = Debug|Any CPU
		{63D7AD40-84F4-4D77-5C0A-169F9DC7867B}.Debug|Any CPU.Build.0 = Debug|Any CPU
		{63D7AD40-84F4-4D77-5C0A-169F9DC7867B}.Release|Any CPU.ActiveCfg = Release|Any CPU
		{63D7AD40-84F4-4D77-5C0A-169F9DC7867B}.Release|Any CPU.Build.0 = Release|Any CPU
	EndGlobalSection
	GlobalSection(SolutionProperties) = preSolution
		HideSolutionNode = FALSE
	EndGlobalSection
EndGlobal
